// !$*UTF8*$!
{
	archiveVersion = 1;
	classes = {
	};
	objectVersion = 50;
	objects = {

/* Begin PBXBuildFile section */
		18A853E9396E7F9A59423D6C /* Pods_SkattejagtTests.framework in Frameworks */ = {isa = PBXBuildFile; fileRef = 4C1013F46C54D5E0C5CA4CE4 /* Pods_SkattejagtTests.framework */; };
		724D6FE0D72368F60CA759A7 /* Pods_SkattejagtUITests.framework in Frameworks */ = {isa = PBXBuildFile; fileRef = 8AC5DEA93EFAA85F85238ED0 /* Pods_SkattejagtUITests.framework */; };
		82C4239E20C930C700C5F62E /* baggrund.png in Resources */ = {isa = PBXBuildFile; fileRef = 82C4239D20C930C600C5F62E /* baggrund.png */; };
		82C423A020C9322500C5F62E /* Hospital.png in Resources */ = {isa = PBXBuildFile; fileRef = 82C4239F20C9322500C5F62E /* Hospital.png */; };
		82C423A520C9336C00C5F62E /* Heli.png in Resources */ = {isa = PBXBuildFile; fileRef = 82C423A420C9336C00C5F62E /* Heli.png */; };
		82C423A720C933BA00C5F62E /* Sti.png in Resources */ = {isa = PBXBuildFile; fileRef = 82C423A620C933B900C5F62E /* Sti.png */; };
		82C423A920C9343F00C5F62E /* boy.png in Resources */ = {isa = PBXBuildFile; fileRef = 82C423A820C9343F00C5F62E /* boy.png */; };
		82C423AB20C9347E00C5F62E /* Tre.png in Resources */ = {isa = PBXBuildFile; fileRef = 82C423AA20C9347E00C5F62E /* Tre.png */; };
		82C423AD20C934EE00C5F62E /* Hospital_zoom.png in Resources */ = {isa = PBXBuildFile; fileRef = 82C423AC20C934EE00C5F62E /* Hospital_zoom.png */; };
		82C423AF20C935C200C5F62E /* stedoskop.png in Resources */ = {isa = PBXBuildFile; fileRef = 82C423AE20C935C100C5F62E /* stedoskop.png */; };
		82C423B120C936A400C5F62E /* xray.png in Resources */ = {isa = PBXBuildFile; fileRef = 82C423B020C936A400C5F62E /* xray.png */; };
		82C423B320C9378B00C5F62E /* back.png in Resources */ = {isa = PBXBuildFile; fileRef = 82C423B220C9378A00C5F62E /* back.png */; };
		C9BF06768E2A64118C9C1AAF /* Pods_Skattejagt.framework in Frameworks */ = {isa = PBXBuildFile; fileRef = 0C257AB94E9A12E0893ED640 /* Pods_Skattejagt.framework */; };
		CD08CB9520C7E7A300D64B04 /* SkatteJagtViewController.swift in Sources */ = {isa = PBXBuildFile; fileRef = CD08CB9420C7E7A300D64B04 /* SkatteJagtViewController.swift */; };
		CD908C4720998C9A0039091D /* AppDelegate.swift in Sources */ = {isa = PBXBuildFile; fileRef = CD908C4620998C9A0039091D /* AppDelegate.swift */; };
		CD908C4C20998C9A0039091D /* Main.storyboard in Resources */ = {isa = PBXBuildFile; fileRef = CD908C4A20998C9A0039091D /* Main.storyboard */; };
		CD908C4E20998C9D0039091D /* Assets.xcassets in Resources */ = {isa = PBXBuildFile; fileRef = CD908C4D20998C9D0039091D /* Assets.xcassets */; };
		CD908C5C20998C9D0039091D /* SkattejagtTests.swift in Sources */ = {isa = PBXBuildFile; fileRef = CD908C5B20998C9D0039091D /* SkattejagtTests.swift */; };
		CD908C6720998C9D0039091D /* SkattejagtUITests.swift in Sources */ = {isa = PBXBuildFile; fileRef = CD908C6620998C9D0039091D /* SkattejagtUITests.swift */; };
		CD908C7620998CE70039091D /* libsqlite3.tbd in Frameworks */ = {isa = PBXBuildFile; fileRef = CD908C7520998CE70039091D /* libsqlite3.tbd */; };
		CDDAF40A20C949D0006795F3 /* skattekort.png in Resources */ = {isa = PBXBuildFile; fileRef = CDDAF40920C949CE006795F3 /* skattekort.png */; };
/* End PBXBuildFile section */

/* Begin PBXContainerItemProxy section */
		CD908C5820998C9D0039091D /* PBXContainerItemProxy */ = {
			isa = PBXContainerItemProxy;
			containerPortal = CD908C3B20998C9A0039091D /* Project object */;
			proxyType = 1;
			remoteGlobalIDString = CD908C4220998C9A0039091D;
			remoteInfo = Skattejagt;
		};
		CD908C6320998C9D0039091D /* PBXContainerItemProxy */ = {
			isa = PBXContainerItemProxy;
			containerPortal = CD908C3B20998C9A0039091D /* Project object */;
			proxyType = 1;
			remoteGlobalIDString = CD908C4220998C9A0039091D;
			remoteInfo = Skattejagt;
		};
/* End PBXContainerItemProxy section */

/* Begin PBXFileReference section */
		0388AE8039C570E93CCD7B8A /* Pods-Skattejagt.release.xcconfig */ = {isa = PBXFileReference; includeInIndex = 1; lastKnownFileType = text.xcconfig; name = "Pods-Skattejagt.release.xcconfig"; path = "Pods/Target Support Files/Pods-Skattejagt/Pods-Skattejagt.release.xcconfig"; sourceTree = "<group>"; };
		0965EB2FBE4B348ED3B0A42A /* Pods-SkattejagtUITests.release.xcconfig */ = {isa = PBXFileReference; includeInIndex = 1; lastKnownFileType = text.xcconfig; name = "Pods-SkattejagtUITests.release.xcconfig"; path = "Pods/Target Support Files/Pods-SkattejagtUITests/Pods-SkattejagtUITests.release.xcconfig"; sourceTree = "<group>"; };
		0C257AB94E9A12E0893ED640 /* Pods_Skattejagt.framework */ = {isa = PBXFileReference; explicitFileType = wrapper.framework; includeInIndex = 0; path = Pods_Skattejagt.framework; sourceTree = BUILT_PRODUCTS_DIR; };
		400944B8D9BEA20C9D5E8F6B /* Pods-SkattejagtTests.debug.xcconfig */ = {isa = PBXFileReference; includeInIndex = 1; lastKnownFileType = text.xcconfig; name = "Pods-SkattejagtTests.debug.xcconfig"; path = "Pods/Target Support Files/Pods-SkattejagtTests/Pods-SkattejagtTests.debug.xcconfig"; sourceTree = "<group>"; };
		4C1013F46C54D5E0C5CA4CE4 /* Pods_SkattejagtTests.framework */ = {isa = PBXFileReference; explicitFileType = wrapper.framework; includeInIndex = 0; path = Pods_SkattejagtTests.framework; sourceTree = BUILT_PRODUCTS_DIR; };
		82C4239D20C930C600C5F62E /* baggrund.png */ = {isa = PBXFileReference; lastKnownFileType = image.png; path = baggrund.png; sourceTree = "<group>"; };
		82C4239F20C9322500C5F62E /* Hospital.png */ = {isa = PBXFileReference; lastKnownFileType = image.png; path = Hospital.png; sourceTree = "<group>"; };
		82C423A420C9336C00C5F62E /* Heli.png */ = {isa = PBXFileReference; lastKnownFileType = image.png; path = Heli.png; sourceTree = "<group>"; };
		82C423A620C933B900C5F62E /* Sti.png */ = {isa = PBXFileReference; lastKnownFileType = image.png; path = Sti.png; sourceTree = "<group>"; };
		82C423A820C9343F00C5F62E /* boy.png */ = {isa = PBXFileReference; lastKnownFileType = image.png; path = boy.png; sourceTree = "<group>"; };
		82C423AA20C9347E00C5F62E /* Tre.png */ = {isa = PBXFileReference; lastKnownFileType = image.png; path = Tre.png; sourceTree = "<group>"; };
		82C423AC20C934EE00C5F62E /* Hospital_zoom.png */ = {isa = PBXFileReference; lastKnownFileType = image.png; path = Hospital_zoom.png; sourceTree = "<group>"; };
		82C423AE20C935C100C5F62E /* stedoskop.png */ = {isa = PBXFileReference; lastKnownFileType = image.png; path = stedoskop.png; sourceTree = "<group>"; };
		82C423B020C936A400C5F62E /* xray.png */ = {isa = PBXFileReference; lastKnownFileType = image.png; path = xray.png; sourceTree = "<group>"; };
		82C423B220C9378A00C5F62E /* back.png */ = {isa = PBXFileReference; lastKnownFileType = image.png; path = back.png; sourceTree = "<group>"; };
		8AC5DEA93EFAA85F85238ED0 /* Pods_SkattejagtUITests.framework */ = {isa = PBXFileReference; explicitFileType = wrapper.framework; includeInIndex = 0; path = Pods_SkattejagtUITests.framework; sourceTree = BUILT_PRODUCTS_DIR; };
		A888E9C6BC0DFE3D00E300AF /* Pods-SkattejagtTests.release.xcconfig */ = {isa = PBXFileReference; includeInIndex = 1; lastKnownFileType = text.xcconfig; name = "Pods-SkattejagtTests.release.xcconfig"; path = "Pods/Target Support Files/Pods-SkattejagtTests/Pods-SkattejagtTests.release.xcconfig"; sourceTree = "<group>"; };
		AB46634FC0E97A032D70A443 /* Pods-SkattejagtUITests.debug.xcconfig */ = {isa = PBXFileReference; includeInIndex = 1; lastKnownFileType = text.xcconfig; name = "Pods-SkattejagtUITests.debug.xcconfig"; path = "Pods/Target Support Files/Pods-SkattejagtUITests/Pods-SkattejagtUITests.debug.xcconfig"; sourceTree = "<group>"; };
		B8EEFC790773779D6443A207 /* Pods-Skattejagt.debug.xcconfig */ = {isa = PBXFileReference; includeInIndex = 1; lastKnownFileType = text.xcconfig; name = "Pods-Skattejagt.debug.xcconfig"; path = "Pods/Target Support Files/Pods-Skattejagt/Pods-Skattejagt.debug.xcconfig"; sourceTree = "<group>"; };
		CD08CB9420C7E7A300D64B04 /* SkatteJagtViewController.swift */ = {isa = PBXFileReference; lastKnownFileType = sourcecode.swift; path = SkatteJagtViewController.swift; sourceTree = "<group>"; };
		CD908C4320998C9A0039091D /* Skattejagt.app */ = {isa = PBXFileReference; explicitFileType = wrapper.application; includeInIndex = 0; path = Skattejagt.app; sourceTree = BUILT_PRODUCTS_DIR; };
		CD908C4620998C9A0039091D /* AppDelegate.swift */ = {isa = PBXFileReference; lastKnownFileType = sourcecode.swift; path = AppDelegate.swift; sourceTree = "<group>"; };
		CD908C4B20998C9A0039091D /* Base */ = {isa = PBXFileReference; lastKnownFileType = file.storyboard; name = Base; path = Base.lproj/Main.storyboard; sourceTree = "<group>"; };
		CD908C4D20998C9D0039091D /* Assets.xcassets */ = {isa = PBXFileReference; lastKnownFileType = folder.assetcatalog; path = Assets.xcassets; sourceTree = "<group>"; };
		CD908C5220998C9D0039091D /* Info.plist */ = {isa = PBXFileReference; lastKnownFileType = text.plist.xml; path = Info.plist; sourceTree = "<group>"; };
		CD908C5720998C9D0039091D /* SkattejagtTests.xctest */ = {isa = PBXFileReference; explicitFileType = wrapper.cfbundle; includeInIndex = 0; path = SkattejagtTests.xctest; sourceTree = BUILT_PRODUCTS_DIR; };
		CD908C5B20998C9D0039091D /* SkattejagtTests.swift */ = {isa = PBXFileReference; lastKnownFileType = sourcecode.swift; path = SkattejagtTests.swift; sourceTree = "<group>"; };
		CD908C5D20998C9D0039091D /* Info.plist */ = {isa = PBXFileReference; lastKnownFileType = text.plist.xml; path = Info.plist; sourceTree = "<group>"; };
		CD908C6220998C9D0039091D /* SkattejagtUITests.xctest */ = {isa = PBXFileReference; explicitFileType = wrapper.cfbundle; includeInIndex = 0; path = SkattejagtUITests.xctest; sourceTree = BUILT_PRODUCTS_DIR; };
		CD908C6620998C9D0039091D /* SkattejagtUITests.swift */ = {isa = PBXFileReference; lastKnownFileType = sourcecode.swift; path = SkattejagtUITests.swift; sourceTree = "<group>"; };
		CD908C6820998C9D0039091D /* Info.plist */ = {isa = PBXFileReference; lastKnownFileType = text.plist.xml; path = Info.plist; sourceTree = "<group>"; };
		CD908C7520998CE70039091D /* libsqlite3.tbd */ = {isa = PBXFileReference; lastKnownFileType = "sourcecode.text-based-dylib-definition"; name = libsqlite3.tbd; path = usr/lib/libsqlite3.tbd; sourceTree = SDKROOT; };
		CDDAF40920C949CE006795F3 /* skattekort.png */ = {isa = PBXFileReference; lastKnownFileType = image.png; name = skattekort.png; path = ../../../skattekort.png; sourceTree = "<group>"; };
/* End PBXFileReference section */

/* Begin PBXFrameworksBuildPhase section */
		CD908C4020998C9A0039091D /* Frameworks */ = {
			isa = PBXFrameworksBuildPhase;
			buildActionMask = 2147483647;
			files = (
				CD908C7620998CE70039091D /* libsqlite3.tbd in Frameworks */,
				C9BF06768E2A64118C9C1AAF /* Pods_Skattejagt.framework in Frameworks */,
			);
			runOnlyForDeploymentPostprocessing = 0;
		};
		CD908C5420998C9D0039091D /* Frameworks */ = {
			isa = PBXFrameworksBuildPhase;
			buildActionMask = 2147483647;
			files = (
				18A853E9396E7F9A59423D6C /* Pods_SkattejagtTests.framework in Frameworks */,
			);
			runOnlyForDeploymentPostprocessing = 0;
		};
		CD908C5F20998C9D0039091D /* Frameworks */ = {
			isa = PBXFrameworksBuildPhase;
			buildActionMask = 2147483647;
			files = (
				724D6FE0D72368F60CA759A7 /* Pods_SkattejagtUITests.framework in Frameworks */,
			);
			runOnlyForDeploymentPostprocessing = 0;
		};
/* End PBXFrameworksBuildPhase section */

/* Begin PBXGroup section */
		6C4027A491E2E28F43DCD65A /* Pods */ = {
			isa = PBXGroup;
			children = (
				B8EEFC790773779D6443A207 /* Pods-Skattejagt.debug.xcconfig */,
				0388AE8039C570E93CCD7B8A /* Pods-Skattejagt.release.xcconfig */,
				400944B8D9BEA20C9D5E8F6B /* Pods-SkattejagtTests.debug.xcconfig */,
				A888E9C6BC0DFE3D00E300AF /* Pods-SkattejagtTests.release.xcconfig */,
				AB46634FC0E97A032D70A443 /* Pods-SkattejagtUITests.debug.xcconfig */,
				0965EB2FBE4B348ED3B0A42A /* Pods-SkattejagtUITests.release.xcconfig */,
			);
			name = Pods;
			sourceTree = "<group>";
		};
		82C423A320C9327300C5F62E /* Images */ = {
			isa = PBXGroup;
			children = (
				CDDAF40920C949CE006795F3 /* skattekort.png */,
				82C423A420C9336C00C5F62E /* Heli.png */,
				82C4239D20C930C600C5F62E /* baggrund.png */,
				82C423AC20C934EE00C5F62E /* Hospital_zoom.png */,
				82C423AA20C9347E00C5F62E /* Tre.png */,
				82C423AE20C935C100C5F62E /* stedoskop.png */,
				82C423B220C9378A00C5F62E /* back.png */,
				82C423B020C936A400C5F62E /* xray.png */,
				82C423A820C9343F00C5F62E /* boy.png */,
				82C423A620C933B900C5F62E /* Sti.png */,
				82C4239F20C9322500C5F62E /* Hospital.png */,
			);
			path = Images;
			sourceTree = "<group>";
		};
		CD908C3A20998C9A0039091D = {
			isa = PBXGroup;
			children = (
				CD908C4520998C9A0039091D /* Skattejagt */,
				CD908C5A20998C9D0039091D /* SkattejagtTests */,
				CD908C6520998C9D0039091D /* SkattejagtUITests */,
				CD908C4420998C9A0039091D /* Products */,
				CD908C7420998CE70039091D /* Frameworks */,
				6C4027A491E2E28F43DCD65A /* Pods */,
			);
			sourceTree = "<group>";
		};
		CD908C4420998C9A0039091D /* Products */ = {
			isa = PBXGroup;
			children = (
				CD908C4320998C9A0039091D /* Skattejagt.app */,
				CD908C5720998C9D0039091D /* SkattejagtTests.xctest */,
				CD908C6220998C9D0039091D /* SkattejagtUITests.xctest */,
			);
			name = Products;
			sourceTree = "<group>";
		};
		CD908C4520998C9A0039091D /* Skattejagt */ = {
			isa = PBXGroup;
			children = (
				CD908C4620998C9A0039091D /* AppDelegate.swift */,
				CD08CB9420C7E7A300D64B04 /* SkatteJagtViewController.swift */,
				82C423A320C9327300C5F62E /* Images */,
				CD908C4A20998C9A0039091D /* Main.storyboard */,
				CD908C4D20998C9D0039091D /* Assets.xcassets */,
				CD908C5220998C9D0039091D /* Info.plist */,
			);
			path = Skattejagt;
			sourceTree = "<group>";
		};
		CD908C5A20998C9D0039091D /* SkattejagtTests */ = {
			isa = PBXGroup;
			children = (
				CD908C5B20998C9D0039091D /* SkattejagtTests.swift */,
				CD908C5D20998C9D0039091D /* Info.plist */,
			);
			path = SkattejagtTests;
			sourceTree = "<group>";
		};
		CD908C6520998C9D0039091D /* SkattejagtUITests */ = {
			isa = PBXGroup;
			children = (
				CD908C6620998C9D0039091D /* SkattejagtUITests.swift */,
				CD908C6820998C9D0039091D /* Info.plist */,
			);
			path = SkattejagtUITests;
			sourceTree = "<group>";
		};
		CD908C7420998CE70039091D /* Frameworks */ = {
			isa = PBXGroup;
			children = (
				CD908C7520998CE70039091D /* libsqlite3.tbd */,
				0C257AB94E9A12E0893ED640 /* Pods_Skattejagt.framework */,
				4C1013F46C54D5E0C5CA4CE4 /* Pods_SkattejagtTests.framework */,
				8AC5DEA93EFAA85F85238ED0 /* Pods_SkattejagtUITests.framework */,
			);
			name = Frameworks;
			sourceTree = "<group>";
		};
/* End PBXGroup section */

/* Begin PBXNativeTarget section */
		CD908C4220998C9A0039091D /* Skattejagt */ = {
			isa = PBXNativeTarget;
			buildConfigurationList = CD908C6B20998C9D0039091D /* Build configuration list for PBXNativeTarget "Skattejagt" */;
			buildPhases = (
				AE4A1B6C87A3D8475DB442B4 /* [CP] Check Pods Manifest.lock */,
				CD908C3F20998C9A0039091D /* Sources */,
				CD908C4020998C9A0039091D /* Frameworks */,
				CD908C4120998C9A0039091D /* Resources */,
				6D8D54C4DF7397AA6B6A6AF4 /* [CP] Embed Pods Frameworks */,
			);
			buildRules = (
			);
			dependencies = (
			);
			name = Skattejagt;
			productName = Skattejagt;
			productReference = CD908C4320998C9A0039091D /* Skattejagt.app */;
			productType = "com.apple.product-type.application";
		};
		CD908C5620998C9D0039091D /* SkattejagtTests */ = {
			isa = PBXNativeTarget;
			buildConfigurationList = CD908C6E20998C9D0039091D /* Build configuration list for PBXNativeTarget "SkattejagtTests" */;
			buildPhases = (
				1D01A912B6FB5E223ADB7FE5 /* [CP] Check Pods Manifest.lock */,
				CD908C5320998C9D0039091D /* Sources */,
				CD908C5420998C9D0039091D /* Frameworks */,
				CD908C5520998C9D0039091D /* Resources */,
			);
			buildRules = (
			);
			dependencies = (
				CD908C5920998C9D0039091D /* PBXTargetDependency */,
			);
			name = SkattejagtTests;
			productName = SkattejagtTests;
			productReference = CD908C5720998C9D0039091D /* SkattejagtTests.xctest */;
			productType = "com.apple.product-type.bundle.unit-test";
		};
		CD908C6120998C9D0039091D /* SkattejagtUITests */ = {
			isa = PBXNativeTarget;
			buildConfigurationList = CD908C7120998C9D0039091D /* Build configuration list for PBXNativeTarget "SkattejagtUITests" */;
			buildPhases = (
				64BFC3CFC03E8176EAE80E4F /* [CP] Check Pods Manifest.lock */,
				CD908C5E20998C9D0039091D /* Sources */,
				CD908C5F20998C9D0039091D /* Frameworks */,
				CD908C6020998C9D0039091D /* Resources */,
			);
			buildRules = (
			);
			dependencies = (
				CD908C6420998C9D0039091D /* PBXTargetDependency */,
			);
			name = SkattejagtUITests;
			productName = SkattejagtUITests;
			productReference = CD908C6220998C9D0039091D /* SkattejagtUITests.xctest */;
			productType = "com.apple.product-type.bundle.ui-testing";
		};
/* End PBXNativeTarget section */

/* Begin PBXProject section */
		CD908C3B20998C9A0039091D /* Project object */ = {
			isa = PBXProject;
			attributes = {
				LastSwiftUpdateCheck = 0930;
				LastUpgradeCheck = 0930;
				ORGANIZATIONNAME = "Johanne Kristine Kappel Pauls";
				TargetAttributes = {
					CD908C4220998C9A0039091D = {
						CreatedOnToolsVersion = 9.3;
					};
					CD908C5620998C9D0039091D = {
						CreatedOnToolsVersion = 9.3;
						TestTargetID = CD908C4220998C9A0039091D;
					};
					CD908C6120998C9D0039091D = {
						CreatedOnToolsVersion = 9.3;
						TestTargetID = CD908C4220998C9A0039091D;
					};
				};
			};
			buildConfigurationList = CD908C3E20998C9A0039091D /* Build configuration list for PBXProject "Skattejagt" */;
			compatibilityVersion = "Xcode 9.3";
			developmentRegion = en;
			hasScannedForEncodings = 0;
			knownRegions = (
				en,
				Base,
			);
			mainGroup = CD908C3A20998C9A0039091D;
			productRefGroup = CD908C4420998C9A0039091D /* Products */;
			projectDirPath = "";
			projectRoot = "";
			targets = (
				CD908C4220998C9A0039091D /* Skattejagt */,
				CD908C5620998C9D0039091D /* SkattejagtTests */,
				CD908C6120998C9D0039091D /* SkattejagtUITests */,
			);
		};
/* End PBXProject section */

/* Begin PBXResourcesBuildPhase section */
		CD908C4120998C9A0039091D /* Resources */ = {
			isa = PBXResourcesBuildPhase;
			buildActionMask = 2147483647;
			files = (
				82C423AB20C9347E00C5F62E /* Tre.png in Resources */,
				82C4239E20C930C700C5F62E /* baggrund.png in Resources */,
				82C423A720C933BA00C5F62E /* Sti.png in Resources */,
				82C423AF20C935C200C5F62E /* stedoskop.png in Resources */,
				82C423A520C9336C00C5F62E /* Heli.png in Resources */,
				82C423B320C9378B00C5F62E /* back.png in Resources */,
				CD908C4E20998C9D0039091D /* Assets.xcassets in Resources */,
				82C423A920C9343F00C5F62E /* boy.png in Resources */,
				82C423A020C9322500C5F62E /* Hospital.png in Resources */,
				CDDAF40A20C949D0006795F3 /* skattekort.png in Resources */,
				CD908C4C20998C9A0039091D /* Main.storyboard in Resources */,
				82C423AD20C934EE00C5F62E /* Hospital_zoom.png in Resources */,
				82C423B120C936A400C5F62E /* xray.png in Resources */,
			);
			runOnlyForDeploymentPostprocessing = 0;
		};
		CD908C5520998C9D0039091D /* Resources */ = {
			isa = PBXResourcesBuildPhase;
			buildActionMask = 2147483647;
			files = (
			);
			runOnlyForDeploymentPostprocessing = 0;
		};
		CD908C6020998C9D0039091D /* Resources */ = {
			isa = PBXResourcesBuildPhase;
			buildActionMask = 2147483647;
			files = (
			);
			runOnlyForDeploymentPostprocessing = 0;
		};
/* End PBXResourcesBuildPhase section */

/* Begin PBXShellScriptBuildPhase section */
		1D01A912B6FB5E223ADB7FE5 /* [CP] Check Pods Manifest.lock */ = {
			isa = PBXShellScriptBuildPhase;
			buildActionMask = 2147483647;
			files = (
			);
			inputPaths = (
				"${PODS_PODFILE_DIR_PATH}/Podfile.lock",
				"${PODS_ROOT}/Manifest.lock",
			);
			name = "[CP] Check Pods Manifest.lock";
			outputPaths = (
				"$(DERIVED_FILE_DIR)/Pods-SkattejagtTests-checkManifestLockResult.txt",
			);
			runOnlyForDeploymentPostprocessing = 0;
			shellPath = /bin/sh;
			shellScript = "diff \"${PODS_PODFILE_DIR_PATH}/Podfile.lock\" \"${PODS_ROOT}/Manifest.lock\" > /dev/null\nif [ $? != 0 ] ; then\n    # print error to STDERR\n    echo \"error: The sandbox is not in sync with the Podfile.lock. Run 'pod install' or update your CocoaPods installation.\" >&2\n    exit 1\nfi\n# This output is used by Xcode 'outputs' to avoid re-running this script phase.\necho \"SUCCESS\" > \"${SCRIPT_OUTPUT_FILE_0}\"\n";
			showEnvVarsInLog = 0;
		};
		64BFC3CFC03E8176EAE80E4F /* [CP] Check Pods Manifest.lock */ = {
			isa = PBXShellScriptBuildPhase;
			buildActionMask = 2147483647;
			files = (
			);
			inputPaths = (
				"${PODS_PODFILE_DIR_PATH}/Podfile.lock",
				"${PODS_ROOT}/Manifest.lock",
			);
			name = "[CP] Check Pods Manifest.lock";
			outputPaths = (
				"$(DERIVED_FILE_DIR)/Pods-SkattejagtUITests-checkManifestLockResult.txt",
			);
			runOnlyForDeploymentPostprocessing = 0;
			shellPath = /bin/sh;
			shellScript = "diff \"${PODS_PODFILE_DIR_PATH}/Podfile.lock\" \"${PODS_ROOT}/Manifest.lock\" > /dev/null\nif [ $? != 0 ] ; then\n    # print error to STDERR\n    echo \"error: The sandbox is not in sync with the Podfile.lock. Run 'pod install' or update your CocoaPods installation.\" >&2\n    exit 1\nfi\n# This output is used by Xcode 'outputs' to avoid re-running this script phase.\necho \"SUCCESS\" > \"${SCRIPT_OUTPUT_FILE_0}\"\n";
			showEnvVarsInLog = 0;
		};
		6D8D54C4DF7397AA6B6A6AF4 /* [CP] Embed Pods Frameworks */ = {
			isa = PBXShellScriptBuildPhase;
			buildActionMask = 2147483647;
			files = (
			);
			inputPaths = (
				"${SRCROOT}/Pods/Target Support Files/Pods-Skattejagt/Pods-Skattejagt-frameworks.sh",
				"${BUILT_PRODUCTS_DIR}/GoogleToolboxForMac/GoogleToolboxForMac.framework",
				"${BUILT_PRODUCTS_DIR}/nanopb/nanopb.framework",
			);
			name = "[CP] Embed Pods Frameworks";
			outputPaths = (
				"${TARGET_BUILD_DIR}/${FRAMEWORKS_FOLDER_PATH}/GoogleToolboxForMac.framework",
				"${TARGET_BUILD_DIR}/${FRAMEWORKS_FOLDER_PATH}/nanopb.framework",
			);
			runOnlyForDeploymentPostprocessing = 0;
			shellPath = /bin/sh;
			shellScript = "\"${SRCROOT}/Pods/Target Support Files/Pods-Skattejagt/Pods-Skattejagt-frameworks.sh\"\n";
			showEnvVarsInLog = 0;
		};
		AE4A1B6C87A3D8475DB442B4 /* [CP] Check Pods Manifest.lock */ = {
			isa = PBXShellScriptBuildPhase;
			buildActionMask = 2147483647;
			files = (
			);
			inputPaths = (
				"${PODS_PODFILE_DIR_PATH}/Podfile.lock",
				"${PODS_ROOT}/Manifest.lock",
			);
			name = "[CP] Check Pods Manifest.lock";
			outputPaths = (
				"$(DERIVED_FILE_DIR)/Pods-Skattejagt-checkManifestLockResult.txt",
			);
			runOnlyForDeploymentPostprocessing = 0;
			shellPath = /bin/sh;
			shellScript = "diff \"${PODS_PODFILE_DIR_PATH}/Podfile.lock\" \"${PODS_ROOT}/Manifest.lock\" > /dev/null\nif [ $? != 0 ] ; then\n    # print error to STDERR\n    echo \"error: The sandbox is not in sync with the Podfile.lock. Run 'pod install' or update your CocoaPods installation.\" >&2\n    exit 1\nfi\n# This output is used by Xcode 'outputs' to avoid re-running this script phase.\necho \"SUCCESS\" > \"${SCRIPT_OUTPUT_FILE_0}\"\n";
			showEnvVarsInLog = 0;
		};
/* End PBXShellScriptBuildPhase section */

/* Begin PBXSourcesBuildPhase section */
		CD908C3F20998C9A0039091D /* Sources */ = {
			isa = PBXSourcesBuildPhase;
			buildActionMask = 2147483647;
			files = (
				CD908C4720998C9A0039091D /* AppDelegate.swift in Sources */,
				CD08CB9520C7E7A300D64B04 /* SkatteJagtViewController.swift in Sources */,
			);
			runOnlyForDeploymentPostprocessing = 0;
		};
		CD908C5320998C9D0039091D /* Sources */ = {
			isa = PBXSourcesBuildPhase;
			buildActionMask = 2147483647;
			files = (
				CD908C5C20998C9D0039091D /* SkattejagtTests.swift in Sources */,
			);
			runOnlyForDeploymentPostprocessing = 0;
		};
		CD908C5E20998C9D0039091D /* Sources */ = {
			isa = PBXSourcesBuildPhase;
			buildActionMask = 2147483647;
			files = (
				CD908C6720998C9D0039091D /* SkattejagtUITests.swift in Sources */,
			);
			runOnlyForDeploymentPostprocessing = 0;
		};
/* End PBXSourcesBuildPhase section */

/* Begin PBXTargetDependency section */
		CD908C5920998C9D0039091D /* PBXTargetDependency */ = {
			isa = PBXTargetDependency;
			target = CD908C4220998C9A0039091D /* Skattejagt */;
			targetProxy = CD908C5820998C9D0039091D /* PBXContainerItemProxy */;
		};
		CD908C6420998C9D0039091D /* PBXTargetDependency */ = {
			isa = PBXTargetDependency;
			target = CD908C4220998C9A0039091D /* Skattejagt */;
			targetProxy = CD908C6320998C9D0039091D /* PBXContainerItemProxy */;
		};
/* End PBXTargetDependency section */

/* Begin PBXVariantGroup section */
		CD908C4A20998C9A0039091D /* Main.storyboard */ = {
			isa = PBXVariantGroup;
			children = (
				CD908C4B20998C9A0039091D /* Base */,
			);
			name = Main.storyboard;
			sourceTree = "<group>";
		};
/* End PBXVariantGroup section */

/* Begin XCBuildConfiguration section */
		CD908C6920998C9D0039091D /* Debug */ = {
			isa = XCBuildConfiguration;
			buildSettings = {
				ALWAYS_SEARCH_USER_PATHS = NO;
				CLANG_ANALYZER_NONNULL = YES;
				CLANG_ANALYZER_NUMBER_OBJECT_CONVERSION = YES_AGGRESSIVE;
				CLANG_CXX_LANGUAGE_STANDARD = "gnu++14";
				CLANG_CXX_LIBRARY = "libc++";
				CLANG_ENABLE_MODULES = YES;
				CLANG_ENABLE_OBJC_ARC = YES;
				CLANG_ENABLE_OBJC_WEAK = YES;
				CLANG_WARN_BLOCK_CAPTURE_AUTORELEASING = YES;
				CLANG_WARN_BOOL_CONVERSION = YES;
				CLANG_WARN_COMMA = YES;
				CLANG_WARN_CONSTANT_CONVERSION = YES;
				CLANG_WARN_DEPRECATED_OBJC_IMPLEMENTATIONS = YES;
				CLANG_WARN_DIRECT_OBJC_ISA_USAGE = YES_ERROR;
				CLANG_WARN_DOCUMENTATION_COMMENTS = YES;
				CLANG_WARN_EMPTY_BODY = YES;
				CLANG_WARN_ENUM_CONVERSION = YES;
				CLANG_WARN_INFINITE_RECURSION = YES;
				CLANG_WARN_INT_CONVERSION = YES;
				CLANG_WARN_NON_LITERAL_NULL_CONVERSION = YES;
				CLANG_WARN_OBJC_IMPLICIT_RETAIN_SELF = YES;
				CLANG_WARN_OBJC_LITERAL_CONVERSION = YES;
				CLANG_WARN_OBJC_ROOT_CLASS = YES_ERROR;
				CLANG_WARN_RANGE_LOOP_ANALYSIS = YES;
				CLANG_WARN_STRICT_PROTOTYPES = YES;
				CLANG_WARN_SUSPICIOUS_MOVE = YES;
				CLANG_WARN_UNGUARDED_AVAILABILITY = YES_AGGRESSIVE;
				CLANG_WARN_UNREACHABLE_CODE = YES;
				CLANG_WARN__DUPLICATE_METHOD_MATCH = YES;
				CODE_SIGN_IDENTITY = "iPhone Developer";
				COPY_PHASE_STRIP = NO;
				DEBUG_INFORMATION_FORMAT = dwarf;
				ENABLE_STRICT_OBJC_MSGSEND = YES;
				ENABLE_TESTABILITY = YES;
				GCC_C_LANGUAGE_STANDARD = gnu11;
				GCC_DYNAMIC_NO_PIC = NO;
				GCC_NO_COMMON_BLOCKS = YES;
				GCC_OPTIMIZATION_LEVEL = 0;
				GCC_PREPROCESSOR_DEFINITIONS = (
					"DEBUG=1",
					"$(inherited)",
				);
				GCC_WARN_64_TO_32_BIT_CONVERSION = YES;
				GCC_WARN_ABOUT_RETURN_TYPE = YES_ERROR;
				GCC_WARN_UNDECLARED_SELECTOR = YES;
				GCC_WARN_UNINITIALIZED_AUTOS = YES_AGGRESSIVE;
				GCC_WARN_UNUSED_FUNCTION = YES;
				GCC_WARN_UNUSED_VARIABLE = YES;
				IPHONEOS_DEPLOYMENT_TARGET = 11.3;
				MTL_ENABLE_DEBUG_INFO = YES;
				ONLY_ACTIVE_ARCH = YES;
				SDKROOT = iphoneos;
				SWIFT_ACTIVE_COMPILATION_CONDITIONS = DEBUG;
				SWIFT_OPTIMIZATION_LEVEL = "-Onone";
			};
			name = Debug;
		};
		CD908C6A20998C9D0039091D /* Release */ = {
			isa = XCBuildConfiguration;
			buildSettings = {
				ALWAYS_SEARCH_USER_PATHS = NO;
				CLANG_ANALYZER_NONNULL = YES;
				CLANG_ANALYZER_NUMBER_OBJECT_CONVERSION = YES_AGGRESSIVE;
				CLANG_CXX_LANGUAGE_STANDARD = "gnu++14";
				CLANG_CXX_LIBRARY = "libc++";
				CLANG_ENABLE_MODULES = YES;
				CLANG_ENABLE_OBJC_ARC = YES;
				CLANG_ENABLE_OBJC_WEAK = YES;
				CLANG_WARN_BLOCK_CAPTURE_AUTORELEASING = YES;
				CLANG_WARN_BOOL_CONVERSION = YES;
				CLANG_WARN_COMMA = YES;
				CLANG_WARN_CONSTANT_CONVERSION = YES;
				CLANG_WARN_DEPRECATED_OBJC_IMPLEMENTATIONS = YES;
				CLANG_WARN_DIRECT_OBJC_ISA_USAGE = YES_ERROR;
				CLANG_WARN_DOCUMENTATION_COMMENTS = YES;
				CLANG_WARN_EMPTY_BODY = YES;
				CLANG_WARN_ENUM_CONVERSION = YES;
				CLANG_WARN_INFINITE_RECURSION = YES;
				CLANG_WARN_INT_CONVERSION = YES;
				CLANG_WARN_NON_LITERAL_NULL_CONVERSION = YES;
				CLANG_WARN_OBJC_IMPLICIT_RETAIN_SELF = YES;
				CLANG_WARN_OBJC_LITERAL_CONVERSION = YES;
				CLANG_WARN_OBJC_ROOT_CLASS = YES_ERROR;
				CLANG_WARN_RANGE_LOOP_ANALYSIS = YES;
				CLANG_WARN_STRICT_PROTOTYPES = YES;
				CLANG_WARN_SUSPICIOUS_MOVE = YES;
				CLANG_WARN_UNGUARDED_AVAILABILITY = YES_AGGRESSIVE;
				CLANG_WARN_UNREACHABLE_CODE = YES;
				CLANG_WARN__DUPLICATE_METHOD_MATCH = YES;
				CODE_SIGN_IDENTITY = "iPhone Developer";
				COPY_PHASE_STRIP = NO;
				DEBUG_INFORMATION_FORMAT = "dwarf-with-dsym";
				ENABLE_NS_ASSERTIONS = NO;
				ENABLE_STRICT_OBJC_MSGSEND = YES;
				GCC_C_LANGUAGE_STANDARD = gnu11;
				GCC_NO_COMMON_BLOCKS = YES;
				GCC_WARN_64_TO_32_BIT_CONVERSION = YES;
				GCC_WARN_ABOUT_RETURN_TYPE = YES_ERROR;
				GCC_WARN_UNDECLARED_SELECTOR = YES;
				GCC_WARN_UNINITIALIZED_AUTOS = YES_AGGRESSIVE;
				GCC_WARN_UNUSED_FUNCTION = YES;
				GCC_WARN_UNUSED_VARIABLE = YES;
				IPHONEOS_DEPLOYMENT_TARGET = 11.3;
				MTL_ENABLE_DEBUG_INFO = NO;
				SDKROOT = iphoneos;
				SWIFT_COMPILATION_MODE = wholemodule;
				SWIFT_OPTIMIZATION_LEVEL = "-O";
				VALIDATE_PRODUCT = YES;
			};
			name = Release;
		};
		CD908C6C20998C9D0039091D /* Debug */ = {
			isa = XCBuildConfiguration;
			baseConfigurationReference = B8EEFC790773779D6443A207 /* Pods-Skattejagt.debug.xcconfig */;
			buildSettings = {
				ASSETCATALOG_COMPILER_APPICON_NAME = AppIcon;
				CODE_SIGN_STYLE = Automatic;
				DEVELOPMENT_TEAM = R5TB6Z53SR;
				INFOPLIST_FILE = Skattejagt/Info.plist;
				LD_RUNPATH_SEARCH_PATHS = (
					"$(inherited)",
					"@executable_path/Frameworks",
				);
				PRODUCT_BUNDLE_IDENTIFIER = dtu.Skattejagt;
				PRODUCT_NAME = "$(TARGET_NAME)";
				SDKROOT = iphoneos;
				SWIFT_VERSION = 4.0;
				TARGETED_DEVICE_FAMILY = "1,2";
			};
			name = Debug;
		};
		CD908C6D20998C9D0039091D /* Release */ = {
			isa = XCBuildConfiguration;
			baseConfigurationReference = 0388AE8039C570E93CCD7B8A /* Pods-Skattejagt.release.xcconfig */;
			buildSettings = {
				ASSETCATALOG_COMPILER_APPICON_NAME = AppIcon;
				CODE_SIGN_STYLE = Automatic;
				DEVELOPMENT_TEAM = R5TB6Z53SR;
				INFOPLIST_FILE = Skattejagt/Info.plist;
				LD_RUNPATH_SEARCH_PATHS = (
					"$(inherited)",
					"@executable_path/Frameworks",
				);
				PRODUCT_BUNDLE_IDENTIFIER = dtu.Skattejagt;
				PRODUCT_NAME = "$(TARGET_NAME)";
				SDKROOT = iphoneos;
				SWIFT_VERSION = 4.0;
				TARGETED_DEVICE_FAMILY = "1,2";
			};
			name = Release;
		};
		CD908C6F20998C9D0039091D /* Debug */ = {
			isa = XCBuildConfiguration;
			baseConfigurationReference = 400944B8D9BEA20C9D5E8F6B /* Pods-SkattejagtTests.debug.xcconfig */;
			buildSettings = {
				ALWAYS_EMBED_SWIFT_STANDARD_LIBRARIES = YES;
				BUNDLE_LOADER = "$(TEST_HOST)";
				CODE_SIGN_STYLE = Automatic;
				DEVELOPMENT_TEAM = R5TB6Z53SR;
				INFOPLIST_FILE = SkattejagtTests/Info.plist;
				LD_RUNPATH_SEARCH_PATHS = (
					"$(inherited)",
					"@executable_path/Frameworks",
					"@loader_path/Frameworks",
				);
				PRODUCT_BUNDLE_IDENTIFIER = dtu.SkattejagtTests;
				PRODUCT_NAME = "$(TARGET_NAME)";
				SWIFT_VERSION = 4.0;
				TARGETED_DEVICE_FAMILY = "1,2";
				TEST_HOST = "$(BUILT_PRODUCTS_DIR)/Skattejagt.app/Skattejagt";
			};
			name = Debug;
		};
		CD908C7020998C9D0039091D /* Release */ = {
			isa = XCBuildConfiguration;
			baseConfigurationReference = A888E9C6BC0DFE3D00E300AF /* Pods-SkattejagtTests.release.xcconfig */;
			buildSettings = {
				ALWAYS_EMBED_SWIFT_STANDARD_LIBRARIES = YES;
				BUNDLE_LOADER = "$(TEST_HOST)";
				CODE_SIGN_STYLE = Automatic;
				DEVELOPMENT_TEAM = R5TB6Z53SR;
				INFOPLIST_FILE = SkattejagtTests/Info.plist;
				LD_RUNPATH_SEARCH_PATHS = (
					"$(inherited)",
					"@executable_path/Frameworks",
					"@loader_path/Frameworks",
				);
				PRODUCT_BUNDLE_IDENTIFIER = dtu.SkattejagtTests;
				PRODUCT_NAME = "$(TARGET_NAME)";
				SWIFT_VERSION = 4.0;
				TARGETED_DEVICE_FAMILY = "1,2";
				TEST_HOST = "$(BUILT_PRODUCTS_DIR)/Skattejagt.app/Skattejagt";
			};
			name = Release;
		};
		CD908C7220998C9D0039091D /* Debug */ = {
			isa = XCBuildConfiguration;
			baseConfigurationReference = AB46634FC0E97A032D70A443 /* Pods-SkattejagtUITests.debug.xcconfig */;
			buildSettings = {
				ALWAYS_EMBED_SWIFT_STANDARD_LIBRARIES = YES;
				CODE_SIGN_STYLE = Automatic;
				DEVELOPMENT_TEAM = R5TB6Z53SR;
				INFOPLIST_FILE = SkattejagtUITests/Info.plist;
				LD_RUNPATH_SEARCH_PATHS = (
					"$(inherited)",
					"@executable_path/Frameworks",
					"@loader_path/Frameworks",
				);
				PRODUCT_BUNDLE_IDENTIFIER = dtu.SkattejagtUITests;
				PRODUCT_NAME = "$(TARGET_NAME)";
				SWIFT_VERSION = 4.0;
				TARGETED_DEVICE_FAMILY = "1,2";
				TEST_TARGET_NAME = Skattejagt;
			};
			name = Debug;
		};
		CD908C7320998C9D0039091D /* Release */ = {
			isa = XCBuildConfiguration;
			baseConfigurationReference = 0965EB2FBE4B348ED3B0A42A /* Pods-SkattejagtUITests.release.xcconfig */;
			buildSettings = {
				ALWAYS_EMBED_SWIFT_STANDARD_LIBRARIES = YES;
				CODE_SIGN_STYLE = Automatic;
				DEVELOPMENT_TEAM = R5TB6Z53SR;
				INFOPLIST_FILE = SkattejagtUITests/Info.plist;
				LD_RUNPATH_SEARCH_PATHS = (
					"$(inherited)",
					"@executable_path/Frameworks",
					"@loader_path/Frameworks",
				);
				PRODUCT_BUNDLE_IDENTIFIER = dtu.SkattejagtUITests;
				PRODUCT_NAME = "$(TARGET_NAME)";
				SWIFT_VERSION = 4.0;
				TARGETED_DEVICE_FAMILY = "1,2";
				TEST_TARGET_NAME = Skattejagt;
			};
			name = Release;
		};
/* End XCBuildConfiguration section */

/* Begin XCConfigurationList section */
		CD908C3E20998C9A0039091D /* Build configuration list for PBXProject "Skattejagt" */ = {
			isa = XCConfigurationList;
			buildConfigurations = (
				CD908C6920998C9D0039091D /* Debug */,
				CD908C6A20998C9D0039091D /* Release */,
			);
			defaultConfigurationIsVisible = 0;
			defaultConfigurationName = Release;
		};
		CD908C6B20998C9D0039091D /* Build configuration list for PBXNativeTarget "Skattejagt" */ = {
			isa = XCConfigurationList;
			buildConfigurations = (
				CD908C6C20998C9D0039091D /* Debug */,
				CD908C6D20998C9D0039091D /* Release */,
			);
			defaultConfigurationIsVisible = 0;
			defaultConfigurationName = Release;
		};
		CD908C6E20998C9D0039091D /* Build configuration list for PBXNativeTarget "SkattejagtTests" */ = {
			isa = XCConfigurationList;
			buildConfigurations = (
				CD908C6F20998C9D0039091D /* Debug */,
				CD908C7020998C9D0039091D /* Release */,
			);
			defaultConfigurationIsVisible = 0;
			defaultConfigurationName = Release;
		};
		CD908C7120998C9D0039091D /* Build configuration list for PBXNativeTarget "SkattejagtUITests" */ = {
			isa = XCConfigurationList;
			buildConfigurations = (
				CD908C7220998C9D0039091D /* Debug */,
				CD908C7320998C9D0039091D /* Release */,
			);
			defaultConfigurationIsVisible = 0;
			defaultConfigurationName = Release;
		};
/* End XCConfigurationList section */
	};
	rootObject = CD908C3B20998C9A0039091D /* Project object */;
}
